
Microsoft Visual Studio Solution File, Format Version 12.00
# Visual Studio 14
VisualStudioVersion = 14.0.25420.1
MinimumVisualStudioVersion = 10.0.40219.1
Project("{FAE04EC0-301F-11D3-BF4B-00C04F79EFBC}") = "AutoMapper", "AutoMapper\AutoMapper.csproj", "{53E285C0-BFBC-415F-BBF5-BE1683D99FE8}"
EndProject
Project("{FAE04EC0-301F-11D3-BF4B-00C04F79EFBC}") = "AutoMapperTests", "AutoMapperTests\AutoMapperTests.csproj", "{8EA58908-7CC9-4914-BA89-55C5DF55F54A}"
EndProject
Global
	GlobalSection(SolutionConfigurationPlatforms) = preSolution
		Debug|Any CPU = Debug|Any CPU
		Release|Any CPU = Release|Any CPU
	EndGlobalSection
	GlobalSection(ProjectConfigurationPlatforms) = postSolution
		{53E285C0-BFBC-415F-BBF5-BE1683D99FE8}.Debug|Any CPU.ActiveCfg = Debug|Any CPU
		{53E285C0-BFBC-415F-BBF5-BE1683D99FE8}.Debug|Any CPU.Build.0 = Debug|Any CPU
		{53E285C0-BFBC-415F-BBF5-BE1683D99FE8}.Release|Any CPU.ActiveCfg = Release|Any CPU
		{53E285C0-BFBC-415F-BBF5-BE1683D99FE8}.Release|Any CPU.Build.0 = Release|Any CPU
		{8EA58908-7CC9-4914-BA89-55C5DF55F54A}.Debug|Any CPU.ActiveCfg = Debug|Any CPU
		{8EA58908-7CC9-4914-BA89-55C5DF55F54A}.Debug|Any CPU.Build.0 = Debug|Any CPU
		{8EA58908-7CC9-4914-BA89-55C5DF55F54A}.Release|Any CPU.ActiveCfg = Release|Any CPU
		{8EA58908-7CC9-4914-BA89-55C5DF55F54A}.Release|Any CPU.Build.0 = Release|Any CPU
	EndGlobalSection
	GlobalSection(SolutionProperties) = preSolution
		HideSolutionNode = FALSE
	EndGlobalSection
EndGlobal
